
Microsoft Visual Studio Solution File, Format Version 12.00
# Visual Studio Version 16
VisualStudioVersion = 16.0.30413.136
MinimumVisualStudioVersion = 10.0.40219.1
Project("{FAE04EC0-301F-11D3-BF4B-00C04F79EFBC}") = "MAID COFFEE OCIDENTAL", "MAID COFFEE OCIDENTAL.csproj", "{3FADDAA7-4255-429D-92FC-43537C465DBB}"
EndProject
Global
	GlobalSection(SolutionConfigurationPlatforms) = preSolution
		Debug|Any CPU = Debug|Any CPU
		Release|Any CPU = Release|Any CPU
	EndGlobalSection
	GlobalSection(ProjectConfigurationPlatforms) = postSolution
		{3FADDAA7-4255-429D-92FC-43537C465DBB}.Debug|Any CPU.ActiveCfg = Debug|Any CPU
		{3FADDAA7-4255-429D-92FC-43537C465DBB}.Debug|Any CPU.Build.0 = Debug|Any CPU
		{3FADDAA7-4255-429D-92FC-43537C465DBB}.Release|Any CPU.ActiveCfg = Release|Any CPU
		{3FADDAA7-4255-429D-92FC-43537C465DBB}.Release|Any CPU.Build.0 = Release|Any CPU
	EndGlobalSection
	GlobalSection(SolutionProperties) = preSolution
		HideSolutionNode = FALSE
	EndGlobalSection
	GlobalSection(ExtensibilityGlobals) = postSolution
		SolutionGuid = {11DA7942-8B0F-4680-B2C7-EFBA8F2432FF}
	EndGlobalSection
EndGlobal
